
Microsoft Visual Studio Solution File, Format Version 12.00
# Visual Studio Version 17
VisualStudioVersion = 17.0.32014.148
MinimumVisualStudioVersion = 10.0.40219.1
Project("{FAE04EC0-301F-11D3-BF4B-00C04F79EFBC}") = "StaticExercise", "StaticExercise.csproj", "{4CCA7653-C25A-4247-9095-B5E7F543367B}"
EndProject
Global
	GlobalSection(SolutionConfigurationPlatforms) = preSolution
		Debug|Any CPU = Debug|Any CPU
		Release|Any CPU = Release|Any CPU
	EndGlobalSection
	GlobalSection(ProjectConfigurationPlatforms) = postSolution
		{4CCA7653-C25A-4247-9095-B5E7F543367B}.Debug|Any CPU.ActiveCfg = Debug|Any CPU
		{4CCA7653-C25A-4247-9095-B5E7F543367B}.Debug|Any CPU.Build.0 = Debug|Any CPU
		{4CCA7653-C25A-4247-9095-B5E7F543367B}.Release|Any CPU.ActiveCfg = Release|Any CPU
		{4CCA7653-C25A-4247-9095-B5E7F543367B}.Release|Any CPU.Build.0 = Release|Any CPU
	EndGlobalSection
	GlobalSection(SolutionProperties) = preSolution
		HideSolutionNode = FALSE
	EndGlobalSection
	GlobalSection(ExtensibilityGlobals) = postSolution
		SolutionGuid = {FF7C2C23-183A-4122-975E-7E3DBC5AF212}
	EndGlobalSection
EndGlobal
